{
  "name": "personal-finance-tracker",
  "version": "1.0.0",
  "lockfileVersion": 3,
  "requires": true,
  "packages": {
    "": {
      "name": "personal-finance-tracker",
      "version": "1.0.0",
      "license": "ISC",
      "dependencies": {
        "plotly.js-dist": "^4.1.0"
      }
    },
    "node_modules/plotly.js-dist": {
      "version": "4.1.0",
      "resolved": "https://registry.npmjs.org/plotly.js-dist/-/plotly.js-dist-4.1.0.tgz",
      "integrity": "sha512-bm+RLIzHMjn1VlYsWoIp7JGXPUpzkJnzMCHzmZh84AJZuL/340pdQ5hGAza0702kaDsaIyNOxWMUWeTwOGm1ew==",
      "license": "MIT"
    }
  }
}
